
Microsoft Visual Studio Solution File, Format Version 12.00
# Visual Studio Version 17
VisualStudioVersion = 17.0.32112.339
MinimumVisualStudioVersion = 10.0.40219.1
Project("{FAE04EC0-301F-11D3-BF4B-00C04F79EFBC}") = "kekes", "kekes.csproj", "{51AB8AC9-3531-4FA3-895D-19BF187EC2A8}"
EndProject
Global
	GlobalSection(SolutionConfigurationPlatforms) = preSolution
		Debug|Any CPU = Debug|Any CPU
		Release|Any CPU = Release|Any CPU
	EndGlobalSection
	GlobalSection(ProjectConfigurationPlatforms) = postSolution
		{51AB8AC9-3531-4FA3-895D-19BF187EC2A8}.Debug|Any CPU.ActiveCfg = Debug|Any CPU
		{51AB8AC9-3531-4FA3-895D-19BF187EC2A8}.Debug|Any CPU.Build.0 = Debug|Any CPU
		{51AB8AC9-3531-4FA3-895D-19BF187EC2A8}.Release|Any CPU.ActiveCfg = Release|Any CPU
		{51AB8AC9-3531-4FA3-895D-19BF187EC2A8}.Release|Any CPU.Build.0 = Release|Any CPU
	EndGlobalSection
	GlobalSection(SolutionProperties) = preSolution
		HideSolutionNode = FALSE
	EndGlobalSection
	GlobalSection(ExtensibilityGlobals) = postSolution
		SolutionGuid = {CAB2FD60-6660-4821-95D2-82156EB6C71A}
	EndGlobalSection
EndGlobal
